
Microsoft Visual Studio Solution File, Format Version 12.00
Project("{FAE04EC0-301F-11D3-BF4B-00C04F79EFBC}") = "Refleter.AppHost", "src\Refleter.AppHost\Refleter.AppHost.csproj", "{A41465D6-2BC1-4898-82CC-699BE8BBDC57}"
EndProject
Project("{2150E333-8FDC-42A3-9474-1A3956D46DE8}") = "Solution Items", "Solution Items", "{FF1685A6-8CE2-4501-A975-F4690A799655}"
	ProjectSection(SolutionItems) = preProject
		Directory.Packages.props = Directory.Packages.props
		NuGet.config = NuGet.config
	EndProjectSection
EndProject
Project("{2150E333-8FDC-42A3-9474-1A3956D46DE8}") = "src", "src", "{108DC536-DC7D-4751-902E-E1B3268A13BE}"
EndProject
Project("{FAE04EC0-301F-11D3-BF4B-00C04F79EFBC}") = "Refleter.ServiceDefaults", "src\Refleter.ServiceDefaults\Refleter.ServiceDefaults.csproj", "{17FBFCB6-DD52-4E8C-B62E-25E5D0236BD8}"
EndProject
Project("{2150E333-8FDC-42A3-9474-1A3956D46DE8}") = "Storage Service", "Storage Service", "{7F2EC5E1-F3A6-41EB-ABC5-BD355731F4B3}"
EndProject
Project("{2150E333-8FDC-42A3-9474-1A3956D46DE8}") = "Public API Service", "Public API Service", "{46C8B537-335B-451F-97C6-A83B4D3D3287}"
EndProject
Project("{2150E333-8FDC-42A3-9474-1A3956D46DE8}") = "Access Control Service", "Access Control Service", "{6B735D36-19DF-4DF7-9536-2C5CD7DCCB7A}"
EndProject
Project("{2150E333-8FDC-42A3-9474-1A3956D46DE8}") = "Identity Service", "Identity Service", "{CECF62E9-7BCE-4EF7-96D2-D279C384A5CB}"
EndProject
Project("{2150E333-8FDC-42A3-9474-1A3956D46DE8}") = "Frontend Service", "Frontend Service", "{D307DCA3-4984-489F-BA3D-E056BE9364E8}"
EndProject
Project("{2150E333-8FDC-42A3-9474-1A3956D46DE8}") = "tests", "tests", "{B62AF0D4-8E0E-42EB-AAB3-3B49F09D2C6B}"
EndProject
Project("{FAE04EC0-301F-11D3-BF4B-00C04F79EFBC}") = "Identity.Web", "src\Identity.Web\Identity.Web.csproj", "{1216744E-40FE-4EC2-84D1-7170869FEE68}"
EndProject
Project("{FAE04EC0-301F-11D3-BF4B-00C04F79EFBC}") = "Identity.API", "src\Identity.API\Identity.API.csproj", "{E975F773-07D7-4FA2-80E2-F3E5E3C6C03E}"
EndProject
Global
	GlobalSection(SolutionConfigurationPlatforms) = preSolution
		Debug|Any CPU = Debug|Any CPU
		Release|Any CPU = Release|Any CPU
	EndGlobalSection
	GlobalSection(ProjectConfigurationPlatforms) = postSolution
		{A41465D6-2BC1-4898-82CC-699BE8BBDC57}.Debug|Any CPU.ActiveCfg = Debug|Any CPU
		{A41465D6-2BC1-4898-82CC-699BE8BBDC57}.Debug|Any CPU.Build.0 = Debug|Any CPU
		{A41465D6-2BC1-4898-82CC-699BE8BBDC57}.Release|Any CPU.ActiveCfg = Release|Any CPU
		{A41465D6-2BC1-4898-82CC-699BE8BBDC57}.Release|Any CPU.Build.0 = Release|Any CPU
		{17FBFCB6-DD52-4E8C-B62E-25E5D0236BD8}.Debug|Any CPU.ActiveCfg = Debug|Any CPU
		{17FBFCB6-DD52-4E8C-B62E-25E5D0236BD8}.Debug|Any CPU.Build.0 = Debug|Any CPU
		{17FBFCB6-DD52-4E8C-B62E-25E5D0236BD8}.Release|Any CPU.ActiveCfg = Release|Any CPU
		{17FBFCB6-DD52-4E8C-B62E-25E5D0236BD8}.Release|Any CPU.Build.0 = Release|Any CPU
		{1216744E-40FE-4EC2-84D1-7170869FEE68}.Debug|Any CPU.ActiveCfg = Debug|Any CPU
		{1216744E-40FE-4EC2-84D1-7170869FEE68}.Debug|Any CPU.Build.0 = Debug|Any CPU
		{1216744E-40FE-4EC2-84D1-7170869FEE68}.Release|Any CPU.ActiveCfg = Release|Any CPU
		{1216744E-40FE-4EC2-84D1-7170869FEE68}.Release|Any CPU.Build.0 = Release|Any CPU
		{E975F773-07D7-4FA2-80E2-F3E5E3C6C03E}.Debug|Any CPU.ActiveCfg = Debug|Any CPU
		{E975F773-07D7-4FA2-80E2-F3E5E3C6C03E}.Debug|Any CPU.Build.0 = Debug|Any CPU
		{E975F773-07D7-4FA2-80E2-F3E5E3C6C03E}.Release|Any CPU.ActiveCfg = Release|Any CPU
		{E975F773-07D7-4FA2-80E2-F3E5E3C6C03E}.Release|Any CPU.Build.0 = Release|Any CPU
	EndGlobalSection
	GlobalSection(NestedProjects) = preSolution
		{A41465D6-2BC1-4898-82CC-699BE8BBDC57} = {108DC536-DC7D-4751-902E-E1B3268A13BE}
		{17FBFCB6-DD52-4E8C-B62E-25E5D0236BD8} = {108DC536-DC7D-4751-902E-E1B3268A13BE}
		{7F2EC5E1-F3A6-41EB-ABC5-BD355731F4B3} = {108DC536-DC7D-4751-902E-E1B3268A13BE}
		{46C8B537-335B-451F-97C6-A83B4D3D3287} = {108DC536-DC7D-4751-902E-E1B3268A13BE}
		{6B735D36-19DF-4DF7-9536-2C5CD7DCCB7A} = {108DC536-DC7D-4751-902E-E1B3268A13BE}
		{CECF62E9-7BCE-4EF7-96D2-D279C384A5CB} = {108DC536-DC7D-4751-902E-E1B3268A13BE}
		{D307DCA3-4984-489F-BA3D-E056BE9364E8} = {108DC536-DC7D-4751-902E-E1B3268A13BE}
		{1216744E-40FE-4EC2-84D1-7170869FEE68} = {CECF62E9-7BCE-4EF7-96D2-D279C384A5CB}
		{E975F773-07D7-4FA2-80E2-F3E5E3C6C03E} = {CECF62E9-7BCE-4EF7-96D2-D279C384A5CB}
	EndGlobalSection
EndGlobal
