
Microsoft Visual Studio Solution File, Format Version 12.00
Project("{FAE04EC0-301F-11D3-BF4B-00C04F79EFBC}") = "Refleter.AppHost", "src\Refleter.AppHost\Refleter.AppHost.csproj", "{A41465D6-2BC1-4898-82CC-699BE8BBDC57}"
EndProject
Project("{2150E333-8FDC-42A3-9474-1A3956D46DE8}") = "Solution Items", "Solution Items", "{FF1685A6-8CE2-4501-A975-F4690A799655}"
	ProjectSection(SolutionItems) = preProject
		Directory.Packages.props = Directory.Packages.props
		NuGet.config = NuGet.config
	EndProjectSection
EndProject
Project("{2150E333-8FDC-42A3-9474-1A3956D46DE8}") = "src", "src", "{108DC536-DC7D-4751-902E-E1B3268A13BE}"
EndProject
Project("{FAE04EC0-301F-11D3-BF4B-00C04F79EFBC}") = "Refleter.ServiceDefaults", "src\Refleter.ServiceDefaults\Refleter.ServiceDefaults.csproj", "{17FBFCB6-DD52-4E8C-B62E-25E5D0236BD8}"
EndProject
Project("{2150E333-8FDC-42A3-9474-1A3956D46DE8}") = "Storage Service", "Storage Service", "{7F2EC5E1-F3A6-41EB-ABC5-BD355731F4B3}"
EndProject
Project("{2150E333-8FDC-42A3-9474-1A3956D46DE8}") = "Public API Service", "Public API Service", "{46C8B537-335B-451F-97C6-A83B4D3D3287}"
EndProject
Project("{2150E333-8FDC-42A3-9474-1A3956D46DE8}") = "Access Control Service", "Access Control Service", "{6B735D36-19DF-4DF7-9536-2C5CD7DCCB7A}"
EndProject
Project("{2150E333-8FDC-42A3-9474-1A3956D46DE8}") = "Identity Service", "Identity Service", "{CECF62E9-7BCE-4EF7-96D2-D279C384A5CB}"
EndProject
Project("{2150E333-8FDC-42A3-9474-1A3956D46DE8}") = "Frontend Service", "Frontend Service", "{D307DCA3-4984-489F-BA3D-E056BE9364E8}"
EndProject
Project("{2150E333-8FDC-42A3-9474-1A3956D46DE8}") = "tests", "tests", "{B62AF0D4-8E0E-42EB-AAB3-3B49F09D2C6B}"
EndProject
Project("{FAE04EC0-301F-11D3-BF4B-00C04F79EFBC}") = "Identity.Web", "src\Identity.Web\Identity.Web.csproj", "{1216744E-40FE-4EC2-84D1-7170869FEE68}"
EndProject
Project("{FAE04EC0-301F-11D3-BF4B-00C04F79EFBC}") = "Identity.API", "src\Identity.API\Identity.API.csproj", "{E975F773-07D7-4FA2-80E2-F3E5E3C6C03E}"
EndProject
Project("{FAE04EC0-301F-11D3-BF4B-00C04F79EFBC}") = "Storage.API", "src\Storage.API\Storage.API.csproj", "{2DD7C3E5-C223-4B0C-856A-43399BF90E57}"
EndProject
Project("{FAE04EC0-301F-11D3-BF4B-00C04F79EFBC}") = "Storage.Application", "src\Storage.Application\Storage.Application.csproj", "{27D51620-8BF4-41F5-937A-EE15735DCEB5}"
EndProject
Project("{FAE04EC0-301F-11D3-BF4B-00C04F79EFBC}") = "Storage.DataAccess", "src\Storage.DataAccess\Storage.DataAccess.csproj", "{D7B6D723-1357-45F7-B27B-E56BA60E55E1}"
EndProject
Project("{FAE04EC0-301F-11D3-BF4B-00C04F79EFBC}") = "Storage.Entities", "src\Storage.Entities\Storage.Entities.csproj", "{581C2CE8-9744-431C-9956-8D6076D16754}"
EndProject
Project("{FAE04EC0-301F-11D3-BF4B-00C04F79EFBC}") = "AccessControl.API", "src\AccessControl.API\AccessControl.API.csproj", "{C5D4B33E-07F6-4BC1-A7B2-1DD7DDC1E704}"
EndProject
Project("{FAE04EC0-301F-11D3-BF4B-00C04F79EFBC}") = "Storage.UnitTests", "tests\Storage.UnitTests\Storage.UnitTests.csproj", "{2BDE972A-58AD-45DA-8145-0E8F0ABA261A}"
EndProject
Project("{FAE04EC0-301F-11D3-BF4B-00C04F79EFBC}") = "WebApp", "src\WebApp\WebApp.csproj", "{B7F0D13F-40EB-4BBE-AE16-426B325B7F0F}"
EndProject
Project("{FAE04EC0-301F-11D3-BF4B-00C04F79EFBC}") = "EventBus", "src\EventBus\EventBus.csproj", "{B75E4509-ED2D-4B1A-98FC-C3C1C7AAAEFD}"
EndProject
Project("{FAE04EC0-301F-11D3-BF4B-00C04F79EFBC}") = "EventBus.RabbitMQ", "src\EventBus.RabbitMQ\EventBus.RabbitMQ.csproj", "{2012206C-0258-4FF1-803F-422C4507ECEB}"
EndProject
Project("{FAE04EC0-301F-11D3-BF4B-00C04F79EFBC}") = "Refleter.PublicApi.API", "src\Refleter.PublicApi.API\Refleter.PublicApi.API.csproj", "{81FA3BE6-CEE6-4931-8C76-B628CAA62A99}"
EndProject
Project("{FAE04EC0-301F-11D3-BF4B-00C04F79EFBC}") = "Refleter.PublicApi.Infrastructure.Interfaces", "src\Refleter.PublicApi.Infrastructure.Interfaces\Refleter.PublicApi.Infrastructure.Interfaces.csproj", "{CF42B14C-4BE2-4BE0-8DD3-0A1E633A81F5}"
EndProject
Project("{FAE04EC0-301F-11D3-BF4B-00C04F79EFBC}") = "Refleter.PublicApi.Infrastructure.Implementation", "src\Refleter.PublicApi.Infrastructure.Implementation\Refleter.PublicApi.Infrastructure.Implementation.csproj", "{BD86EB16-A0CA-4979-9CCB-6E67885D7DFC}"
EndProject
Project("{FAE04EC0-301F-11D3-BF4B-00C04F79EFBC}") = "Refleter.PublicApi.Model", "src\Refleter.PublicApi.Model\Refleter.PublicApi.Model.csproj", "{3A87E4E1-5493-4FFC-BA88-50B99E7C45C9}"
EndProject
Project("{FAE04EC0-301F-11D3-BF4B-00C04F79EFBC}") = "AccessControl.Entities", "src\AccessControl.Entities\AccessControl.Entities.csproj", "{C3FB727A-C74A-4C20-83E0-97699A34F618}"
EndProject
Project("{FAE04EC0-301F-11D3-BF4B-00C04F79EFBC}") = "AccessControl.Infrastructure", "src\AccessControl.Infrastructure\AccessControl.Infrastructure.csproj", "{240A8FB9-0047-4319-82D4-73440C0E0434}"
EndProject
Global
	GlobalSection(SolutionConfigurationPlatforms) = preSolution
		Debug|Any CPU = Debug|Any CPU
		Release|Any CPU = Release|Any CPU
	EndGlobalSection
	GlobalSection(ProjectConfigurationPlatforms) = postSolution
		{A41465D6-2BC1-4898-82CC-699BE8BBDC57}.Debug|Any CPU.ActiveCfg = Debug|Any CPU
		{A41465D6-2BC1-4898-82CC-699BE8BBDC57}.Debug|Any CPU.Build.0 = Debug|Any CPU
		{A41465D6-2BC1-4898-82CC-699BE8BBDC57}.Release|Any CPU.ActiveCfg = Release|Any CPU
		{A41465D6-2BC1-4898-82CC-699BE8BBDC57}.Release|Any CPU.Build.0 = Release|Any CPU
		{17FBFCB6-DD52-4E8C-B62E-25E5D0236BD8}.Debug|Any CPU.ActiveCfg = Debug|Any CPU
		{17FBFCB6-DD52-4E8C-B62E-25E5D0236BD8}.Debug|Any CPU.Build.0 = Debug|Any CPU
		{17FBFCB6-DD52-4E8C-B62E-25E5D0236BD8}.Release|Any CPU.ActiveCfg = Release|Any CPU
		{17FBFCB6-DD52-4E8C-B62E-25E5D0236BD8}.Release|Any CPU.Build.0 = Release|Any CPU
		{2DD7C3E5-C223-4B0C-856A-43399BF90E57}.Debug|Any CPU.ActiveCfg = Debug|Any CPU
		{2DD7C3E5-C223-4B0C-856A-43399BF90E57}.Debug|Any CPU.Build.0 = Debug|Any CPU
		{2DD7C3E5-C223-4B0C-856A-43399BF90E57}.Release|Any CPU.ActiveCfg = Release|Any CPU
		{2DD7C3E5-C223-4B0C-856A-43399BF90E57}.Release|Any CPU.Build.0 = Release|Any CPU
		{27D51620-8BF4-41F5-937A-EE15735DCEB5}.Debug|Any CPU.ActiveCfg = Debug|Any CPU
		{27D51620-8BF4-41F5-937A-EE15735DCEB5}.Debug|Any CPU.Build.0 = Debug|Any CPU
		{27D51620-8BF4-41F5-937A-EE15735DCEB5}.Release|Any CPU.ActiveCfg = Release|Any CPU
		{27D51620-8BF4-41F5-937A-EE15735DCEB5}.Release|Any CPU.Build.0 = Release|Any CPU
		{D7B6D723-1357-45F7-B27B-E56BA60E55E1}.Debug|Any CPU.ActiveCfg = Debug|Any CPU
		{D7B6D723-1357-45F7-B27B-E56BA60E55E1}.Debug|Any CPU.Build.0 = Debug|Any CPU
		{D7B6D723-1357-45F7-B27B-E56BA60E55E1}.Release|Any CPU.ActiveCfg = Release|Any CPU
		{D7B6D723-1357-45F7-B27B-E56BA60E55E1}.Release|Any CPU.Build.0 = Release|Any CPU
		{581C2CE8-9744-431C-9956-8D6076D16754}.Debug|Any CPU.ActiveCfg = Debug|Any CPU
		{581C2CE8-9744-431C-9956-8D6076D16754}.Debug|Any CPU.Build.0 = Debug|Any CPU
		{581C2CE8-9744-431C-9956-8D6076D16754}.Release|Any CPU.ActiveCfg = Release|Any CPU
		{581C2CE8-9744-431C-9956-8D6076D16754}.Release|Any CPU.Build.0 = Release|Any CPU
		{C5D4B33E-07F6-4BC1-A7B2-1DD7DDC1E704}.Debug|Any CPU.ActiveCfg = Debug|Any CPU
		{C5D4B33E-07F6-4BC1-A7B2-1DD7DDC1E704}.Debug|Any CPU.Build.0 = Debug|Any CPU
		{C5D4B33E-07F6-4BC1-A7B2-1DD7DDC1E704}.Release|Any CPU.ActiveCfg = Release|Any CPU
		{C5D4B33E-07F6-4BC1-A7B2-1DD7DDC1E704}.Release|Any CPU.Build.0 = Release|Any CPU
		{2BDE972A-58AD-45DA-8145-0E8F0ABA261A}.Debug|Any CPU.ActiveCfg = Debug|Any CPU
		{2BDE972A-58AD-45DA-8145-0E8F0ABA261A}.Debug|Any CPU.Build.0 = Debug|Any CPU
		{2BDE972A-58AD-45DA-8145-0E8F0ABA261A}.Release|Any CPU.ActiveCfg = Release|Any CPU
		{2BDE972A-58AD-45DA-8145-0E8F0ABA261A}.Release|Any CPU.Build.0 = Release|Any CPU
		{1216744E-40FE-4EC2-84D1-7170869FEE68}.Debug|Any CPU.ActiveCfg = Debug|Any CPU
		{1216744E-40FE-4EC2-84D1-7170869FEE68}.Debug|Any CPU.Build.0 = Debug|Any CPU
		{1216744E-40FE-4EC2-84D1-7170869FEE68}.Release|Any CPU.ActiveCfg = Release|Any CPU
		{1216744E-40FE-4EC2-84D1-7170869FEE68}.Release|Any CPU.Build.0 = Release|Any CPU
		{E975F773-07D7-4FA2-80E2-F3E5E3C6C03E}.Debug|Any CPU.ActiveCfg = Debug|Any CPU
		{E975F773-07D7-4FA2-80E2-F3E5E3C6C03E}.Debug|Any CPU.Build.0 = Debug|Any CPU
		{E975F773-07D7-4FA2-80E2-F3E5E3C6C03E}.Release|Any CPU.ActiveCfg = Release|Any CPU
		{E975F773-07D7-4FA2-80E2-F3E5E3C6C03E}.Release|Any CPU.Build.0 = Release|Any CPU
		{B7F0D13F-40EB-4BBE-AE16-426B325B7F0F}.Debug|Any CPU.ActiveCfg = Debug|Any CPU
		{B7F0D13F-40EB-4BBE-AE16-426B325B7F0F}.Debug|Any CPU.Build.0 = Debug|Any CPU
		{B7F0D13F-40EB-4BBE-AE16-426B325B7F0F}.Release|Any CPU.ActiveCfg = Release|Any CPU
		{B7F0D13F-40EB-4BBE-AE16-426B325B7F0F}.Release|Any CPU.Build.0 = Release|Any CPU
		{B75E4509-ED2D-4B1A-98FC-C3C1C7AAAEFD}.Debug|Any CPU.ActiveCfg = Debug|Any CPU
		{B75E4509-ED2D-4B1A-98FC-C3C1C7AAAEFD}.Debug|Any CPU.Build.0 = Debug|Any CPU
		{B75E4509-ED2D-4B1A-98FC-C3C1C7AAAEFD}.Release|Any CPU.ActiveCfg = Release|Any CPU
		{B75E4509-ED2D-4B1A-98FC-C3C1C7AAAEFD}.Release|Any CPU.Build.0 = Release|Any CPU
		{2012206C-0258-4FF1-803F-422C4507ECEB}.Debug|Any CPU.ActiveCfg = Debug|Any CPU
		{2012206C-0258-4FF1-803F-422C4507ECEB}.Debug|Any CPU.Build.0 = Debug|Any CPU
		{2012206C-0258-4FF1-803F-422C4507ECEB}.Release|Any CPU.ActiveCfg = Release|Any CPU
		{2012206C-0258-4FF1-803F-422C4507ECEB}.Release|Any CPU.Build.0 = Release|Any CPU
		{81FA3BE6-CEE6-4931-8C76-B628CAA62A99}.Debug|Any CPU.ActiveCfg = Debug|Any CPU
		{81FA3BE6-CEE6-4931-8C76-B628CAA62A99}.Debug|Any CPU.Build.0 = Debug|Any CPU
		{81FA3BE6-CEE6-4931-8C76-B628CAA62A99}.Release|Any CPU.ActiveCfg = Release|Any CPU
		{81FA3BE6-CEE6-4931-8C76-B628CAA62A99}.Release|Any CPU.Build.0 = Release|Any CPU
		{CF42B14C-4BE2-4BE0-8DD3-0A1E633A81F5}.Debug|Any CPU.ActiveCfg = Debug|Any CPU
		{CF42B14C-4BE2-4BE0-8DD3-0A1E633A81F5}.Debug|Any CPU.Build.0 = Debug|Any CPU
		{CF42B14C-4BE2-4BE0-8DD3-0A1E633A81F5}.Release|Any CPU.ActiveCfg = Release|Any CPU
		{CF42B14C-4BE2-4BE0-8DD3-0A1E633A81F5}.Release|Any CPU.Build.0 = Release|Any CPU
		{BD86EB16-A0CA-4979-9CCB-6E67885D7DFC}.Debug|Any CPU.ActiveCfg = Debug|Any CPU
		{BD86EB16-A0CA-4979-9CCB-6E67885D7DFC}.Debug|Any CPU.Build.0 = Debug|Any CPU
		{BD86EB16-A0CA-4979-9CCB-6E67885D7DFC}.Release|Any CPU.ActiveCfg = Release|Any CPU
		{BD86EB16-A0CA-4979-9CCB-6E67885D7DFC}.Release|Any CPU.Build.0 = Release|Any CPU
		{3A87E4E1-5493-4FFC-BA88-50B99E7C45C9}.Debug|Any CPU.ActiveCfg = Debug|Any CPU
		{3A87E4E1-5493-4FFC-BA88-50B99E7C45C9}.Debug|Any CPU.Build.0 = Debug|Any CPU
		{3A87E4E1-5493-4FFC-BA88-50B99E7C45C9}.Release|Any CPU.ActiveCfg = Release|Any CPU
		{3A87E4E1-5493-4FFC-BA88-50B99E7C45C9}.Release|Any CPU.Build.0 = Release|Any CPU
		{C3FB727A-C74A-4C20-83E0-97699A34F618}.Debug|Any CPU.ActiveCfg = Debug|Any CPU
		{C3FB727A-C74A-4C20-83E0-97699A34F618}.Debug|Any CPU.Build.0 = Debug|Any CPU
		{C3FB727A-C74A-4C20-83E0-97699A34F618}.Release|Any CPU.ActiveCfg = Release|Any CPU
		{C3FB727A-C74A-4C20-83E0-97699A34F618}.Release|Any CPU.Build.0 = Release|Any CPU
		{240A8FB9-0047-4319-82D4-73440C0E0434}.Debug|Any CPU.ActiveCfg = Debug|Any CPU
		{240A8FB9-0047-4319-82D4-73440C0E0434}.Debug|Any CPU.Build.0 = Debug|Any CPU
		{240A8FB9-0047-4319-82D4-73440C0E0434}.Release|Any CPU.ActiveCfg = Release|Any CPU
		{240A8FB9-0047-4319-82D4-73440C0E0434}.Release|Any CPU.Build.0 = Release|Any CPU
	EndGlobalSection
	GlobalSection(NestedProjects) = preSolution
		{A41465D6-2BC1-4898-82CC-699BE8BBDC57} = {108DC536-DC7D-4751-902E-E1B3268A13BE}
		{17FBFCB6-DD52-4E8C-B62E-25E5D0236BD8} = {108DC536-DC7D-4751-902E-E1B3268A13BE}
		{7F2EC5E1-F3A6-41EB-ABC5-BD355731F4B3} = {108DC536-DC7D-4751-902E-E1B3268A13BE}
		{46C8B537-335B-451F-97C6-A83B4D3D3287} = {108DC536-DC7D-4751-902E-E1B3268A13BE}
		{6B735D36-19DF-4DF7-9536-2C5CD7DCCB7A} = {108DC536-DC7D-4751-902E-E1B3268A13BE}
		{CECF62E9-7BCE-4EF7-96D2-D279C384A5CB} = {108DC536-DC7D-4751-902E-E1B3268A13BE}
		{D307DCA3-4984-489F-BA3D-E056BE9364E8} = {108DC536-DC7D-4751-902E-E1B3268A13BE}
		{2DD7C3E5-C223-4B0C-856A-43399BF90E57} = {7F2EC5E1-F3A6-41EB-ABC5-BD355731F4B3}
		{27D51620-8BF4-41F5-937A-EE15735DCEB5} = {7F2EC5E1-F3A6-41EB-ABC5-BD355731F4B3}
		{D7B6D723-1357-45F7-B27B-E56BA60E55E1} = {7F2EC5E1-F3A6-41EB-ABC5-BD355731F4B3}
		{581C2CE8-9744-431C-9956-8D6076D16754} = {7F2EC5E1-F3A6-41EB-ABC5-BD355731F4B3}
		{C5D4B33E-07F6-4BC1-A7B2-1DD7DDC1E704} = {6B735D36-19DF-4DF7-9536-2C5CD7DCCB7A}
		{2BDE972A-58AD-45DA-8145-0E8F0ABA261A} = {B62AF0D4-8E0E-42EB-AAB3-3B49F09D2C6B}
		{1216744E-40FE-4EC2-84D1-7170869FEE68} = {CECF62E9-7BCE-4EF7-96D2-D279C384A5CB}
		{E975F773-07D7-4FA2-80E2-F3E5E3C6C03E} = {CECF62E9-7BCE-4EF7-96D2-D279C384A5CB}
		{B7F0D13F-40EB-4BBE-AE16-426B325B7F0F} = {D307DCA3-4984-489F-BA3D-E056BE9364E8}
		{B75E4509-ED2D-4B1A-98FC-C3C1C7AAAEFD} = {108DC536-DC7D-4751-902E-E1B3268A13BE}
		{2012206C-0258-4FF1-803F-422C4507ECEB} = {108DC536-DC7D-4751-902E-E1B3268A13BE}
		{81FA3BE6-CEE6-4931-8C76-B628CAA62A99} = {46C8B537-335B-451F-97C6-A83B4D3D3287}
		{CF42B14C-4BE2-4BE0-8DD3-0A1E633A81F5} = {46C8B537-335B-451F-97C6-A83B4D3D3287}
		{BD86EB16-A0CA-4979-9CCB-6E67885D7DFC} = {46C8B537-335B-451F-97C6-A83B4D3D3287}
		{3A87E4E1-5493-4FFC-BA88-50B99E7C45C9} = {46C8B537-335B-451F-97C6-A83B4D3D3287}
		{C3FB727A-C74A-4C20-83E0-97699A34F618} = {6B735D36-19DF-4DF7-9536-2C5CD7DCCB7A}
		{240A8FB9-0047-4319-82D4-73440C0E0434} = {6B735D36-19DF-4DF7-9536-2C5CD7DCCB7A}
	EndGlobalSection
EndGlobal
